// !$*UTF8*$!
{
	archiveVersion = 1;
	classes = {
	};
	objectVersion = 56;
	objects = {

/* Begin PBXBuildFile section */
		911BCE6229AE9F900008282E /* QueueMasterApp.swift in Sources */ = {isa = PBXBuildFile; fileRef = 911BCE6129AE9F900008282E /* QueueMasterApp.swift */; };
		911BCE6429AE9F900008282E /* ContentView.swift in Sources */ = {isa = PBXBuildFile; fileRef = 911BCE6329AE9F900008282E /* ContentView.swift */; };
		911BCE6629AE9F930008282E /* Assets.xcassets in Resources */ = {isa = PBXBuildFile; fileRef = 911BCE6529AE9F930008282E /* Assets.xcassets */; };
		911BCE6929AE9F930008282E /* Preview Assets.xcassets in Resources */ = {isa = PBXBuildFile; fileRef = 911BCE6829AE9F930008282E /* Preview Assets.xcassets */; };
		911BCE6B29AE9F930008282E /* Persistence.swift in Sources */ = {isa = PBXBuildFile; fileRef = 911BCE6A29AE9F930008282E /* Persistence.swift */; };
		911BCE6E29AE9F930008282E /* QueueMaster.xcdatamodeld in Sources */ = {isa = PBXBuildFile; fileRef = 911BCE6C29AE9F930008282E /* QueueMaster.xcdatamodeld */; };
		911BCE9529AEA0BC0008282E /* CalendarView.swift in Sources */ = {isa = PBXBuildFile; fileRef = 911BCE9429AEA0BC0008282E /* CalendarView.swift */; };
		911BCE9829AEA5870008282E /* CalendarExtension.swift in Sources */ = {isa = PBXBuildFile; fileRef = 911BCE9729AEA5870008282E /* CalendarExtension.swift */; };
		911BCE9A29AEA5E50008282E /* DateExtension.swift in Sources */ = {isa = PBXBuildFile; fileRef = 911BCE9929AEA5E50008282E /* DateExtension.swift */; };
		911BCE9C29AEA6020008282E /* ViewExtension.swift in Sources */ = {isa = PBXBuildFile; fileRef = 911BCE9B29AEA6020008282E /* ViewExtension.swift */; };
		911BCE9E29AEA7BB0008282E /* HeaderView.swift in Sources */ = {isa = PBXBuildFile; fileRef = 911BCE9D29AEA7BB0008282E /* HeaderView.swift */; };
		911BCEA129AEAF380008282E /* Task.swift in Sources */ = {isa = PBXBuildFile; fileRef = 911BCEA029AEAF380008282E /* Task.swift */; };
		911BCEA329AEAF670008282E /* TaskCategory.swift in Sources */ = {isa = PBXBuildFile; fileRef = 911BCEA229AEAF670008282E /* TaskCategory.swift */; };
		911BCEA529AEAFF10008282E /* HomeView.swift in Sources */ = {isa = PBXBuildFile; fileRef = 911BCEA429AEAFF10008282E /* HomeView.swift */; };
/* End PBXBuildFile section */

/* Begin PBXFileReference section */
		911BCE5E29AE9F900008282E /* QueueMaster.app */ = {isa = PBXFileReference; explicitFileType = wrapper.application; includeInIndex = 0; path = QueueMaster.app; sourceTree = BUILT_PRODUCTS_DIR; };
		911BCE6129AE9F900008282E /* QueueMasterApp.swift */ = {isa = PBXFileReference; lastKnownFileType = sourcecode.swift; path = QueueMasterApp.swift; sourceTree = "<group>"; };
		911BCE6329AE9F900008282E /* ContentView.swift */ = {isa = PBXFileReference; lastKnownFileType = sourcecode.swift; path = ContentView.swift; sourceTree = "<group>"; };
		911BCE6529AE9F930008282E /* Assets.xcassets */ = {isa = PBXFileReference; lastKnownFileType = folder.assetcatalog; path = Assets.xcassets; sourceTree = "<group>"; };
		911BCE6829AE9F930008282E /* Preview Assets.xcassets */ = {isa = PBXFileReference; lastKnownFileType = folder.assetcatalog; path = "Preview Assets.xcassets"; sourceTree = "<group>"; };
		911BCE6A29AE9F930008282E /* Persistence.swift */ = {isa = PBXFileReference; lastKnownFileType = sourcecode.swift; path = Persistence.swift; sourceTree = "<group>"; };
		911BCE6D29AE9F930008282E /* QueueMaster.xcdatamodel */ = {isa = PBXFileReference; lastKnownFileType = wrapper.xcdatamodel; path = QueueMaster.xcdatamodel; sourceTree = "<group>"; };
		911BCE9429AEA0BC0008282E /* CalendarView.swift */ = {isa = PBXFileReference; lastKnownFileType = sourcecode.swift; path = CalendarView.swift; sourceTree = "<group>"; };
		911BCE9729AEA5870008282E /* CalendarExtension.swift */ = {isa = PBXFileReference; lastKnownFileType = sourcecode.swift; path = CalendarExtension.swift; sourceTree = "<group>"; };
		911BCE9929AEA5E50008282E /* DateExtension.swift */ = {isa = PBXFileReference; lastKnownFileType = sourcecode.swift; path = DateExtension.swift; sourceTree = "<group>"; };
		911BCE9B29AEA6020008282E /* ViewExtension.swift */ = {isa = PBXFileReference; lastKnownFileType = sourcecode.swift; path = ViewExtension.swift; sourceTree = "<group>"; };
		911BCE9D29AEA7BB0008282E /* HeaderView.swift */ = {isa = PBXFileReference; lastKnownFileType = sourcecode.swift; path = HeaderView.swift; sourceTree = "<group>"; };
		911BCEA029AEAF380008282E /* Task.swift */ = {isa = PBXFileReference; lastKnownFileType = sourcecode.swift; path = Task.swift; sourceTree = "<group>"; };
		911BCEA229AEAF670008282E /* TaskCategory.swift */ = {isa = PBXFileReference; lastKnownFileType = sourcecode.swift; path = TaskCategory.swift; sourceTree = "<group>"; };
		911BCEA429AEAFF10008282E /* HomeView.swift */ = {isa = PBXFileReference; lastKnownFileType = sourcecode.swift; path = HomeView.swift; sourceTree = "<group>"; };
/* End PBXFileReference section */

/* Begin PBXFrameworksBuildPhase section */
		911BCE5B29AE9F900008282E /* Frameworks */ = {
			isa = PBXFrameworksBuildPhase;
			buildActionMask = 2147483647;
			files = (
			);
			runOnlyForDeploymentPostprocessing = 0;
		};
/* End PBXFrameworksBuildPhase section */

/* Begin PBXGroup section */
		911BCE5529AE9F900008282E = {
			isa = PBXGroup;
			children = (
				911BCE6029AE9F900008282E /* QueueMaster */,
				911BCE5F29AE9F900008282E /* Products */,
			);
			sourceTree = "<group>";
		};
		911BCE5F29AE9F900008282E /* Products */ = {
			isa = PBXGroup;
			children = (
				911BCE5E29AE9F900008282E /* QueueMaster.app */,
			);
			name = Products;
			sourceTree = "<group>";
		};
		911BCE6029AE9F900008282E /* QueueMaster */ = {
			isa = PBXGroup;
			children = (
				911BCE9F29AEAF2C0008282E /* Model */,
				911BCE9629AEA5630008282E /* Extensions */,
				911BCE9329AEA0A10008282E /* View */,
				911BCE6129AE9F900008282E /* QueueMasterApp.swift */,
				911BCE6529AE9F930008282E /* Assets.xcassets */,
				911BCE6A29AE9F930008282E /* Persistence.swift */,
				911BCE6C29AE9F930008282E /* QueueMaster.xcdatamodeld */,
				911BCE6729AE9F930008282E /* Preview Content */,
			);
			path = QueueMaster;
			sourceTree = "<group>";
		};
		911BCE6729AE9F930008282E /* Preview Content */ = {
			isa = PBXGroup;
			children = (
				911BCE6829AE9F930008282E /* Preview Assets.xcassets */,
			);
			path = "Preview Content";
			sourceTree = "<group>";
		};
		911BCE9329AEA0A10008282E /* View */ = {
			isa = PBXGroup;
			children = (
				911BCE6329AE9F900008282E /* ContentView.swift */,
				911BCE9429AEA0BC0008282E /* CalendarView.swift */,
				911BCE9D29AEA7BB0008282E /* HeaderView.swift */,
				911BCEA429AEAFF10008282E /* HomeView.swift */,
			);
			path = View;
			sourceTree = "<group>";
		};
		911BCE9629AEA5630008282E /* Extensions */ = {
			isa = PBXGroup;
			children = (
				911BCE9729AEA5870008282E /* CalendarExtension.swift */,
				911BCE9929AEA5E50008282E /* DateExtension.swift */,
				911BCE9B29AEA6020008282E /* ViewExtension.swift */,
			);
			path = Extensions;
			sourceTree = "<group>";
		};
		911BCE9F29AEAF2C0008282E /* Model */ = {
			isa = PBXGroup;
			children = (
				911BCEA029AEAF380008282E /* Task.swift */,
				911BCEA229AEAF670008282E /* TaskCategory.swift */,
			);
			path = Model;
			sourceTree = "<group>";
		};
/* End PBXGroup section */

/* Begin PBXNativeTarget section */
		911BCE5D29AE9F900008282E /* QueueMaster */ = {
			isa = PBXNativeTarget;
			buildConfigurationList = 911BCE7129AE9F930008282E /* Build configuration list for PBXNativeTarget "QueueMaster" */;
			buildPhases = (
				911BCE5A29AE9F900008282E /* Sources */,
				911BCE5B29AE9F900008282E /* Frameworks */,
				911BCE5C29AE9F900008282E /* Resources */,
			);
			buildRules = (
			);
			dependencies = (
			);
			name = QueueMaster;
			productName = QueueMaster;
			productReference = 911BCE5E29AE9F900008282E /* QueueMaster.app */;
			productType = "com.apple.product-type.application";
		};
/* End PBXNativeTarget section */

/* Begin PBXProject section */
		911BCE5629AE9F900008282E /* Project object */ = {
			isa = PBXProject;
			attributes = {
				BuildIndependentTargetsInParallel = 1;
				LastSwiftUpdateCheck = 1420;
				LastUpgradeCheck = 1420;
				TargetAttributes = {
					911BCE5D29AE9F900008282E = {
						CreatedOnToolsVersion = 14.2;
					};
				};
			};
			buildConfigurationList = 911BCE5929AE9F900008282E /* Build configuration list for PBXProject "QueueMaster" */;
			compatibilityVersion = "Xcode 14.0";
			developmentRegion = en;
			hasScannedForEncodings = 0;
			knownRegions = (
				en,
				Base,
			);
			mainGroup = 911BCE5529AE9F900008282E;
			productRefGroup = 911BCE5F29AE9F900008282E /* Products */;
			projectDirPath = "";
			projectRoot = "";
			targets = (
				911BCE5D29AE9F900008282E /* QueueMaster */,
			);
		};
/* End PBXProject section */

/* Begin PBXResourcesBuildPhase section */
		911BCE5C29AE9F900008282E /* Resources */ = {
			isa = PBXResourcesBuildPhase;
			buildActionMask = 2147483647;
			files = (
				911BCE6929AE9F930008282E /* Preview Assets.xcassets in Resources */,
				911BCE6629AE9F930008282E /* Assets.xcassets in Resources */,
			);
			runOnlyForDeploymentPostprocessing = 0;
		};
/* End PBXResourcesBuildPhase section */

/* Begin PBXSourcesBuildPhase section */
		911BCE5A29AE9F900008282E /* Sources */ = {
			isa = PBXSourcesBuildPhase;
			buildActionMask = 2147483647;
			files = (
				911BCE9529AEA0BC0008282E /* CalendarView.swift in Sources */,
				911BCE9E29AEA7BB0008282E /* HeaderView.swift in Sources */,
				911BCEA129AEAF380008282E /* Task.swift in Sources */,
				911BCE9A29AEA5E50008282E /* DateExtension.swift in Sources */,
				911BCE6B29AE9F930008282E /* Persistence.swift in Sources */,
				911BCE6E29AE9F930008282E /* QueueMaster.xcdatamodeld in Sources */,
				911BCE6429AE9F900008282E /* ContentView.swift in Sources */,
				911BCE6229AE9F900008282E /* QueueMasterApp.swift in Sources */,
				911BCE9C29AEA6020008282E /* ViewExtension.swift in Sources */,
				911BCEA529AEAFF10008282E /* HomeView.swift in Sources */,
				911BCE9829AEA5870008282E /* CalendarExtension.swift in Sources */,
				911BCEA329AEAF670008282E /* TaskCategory.swift in Sources */,
			);
			runOnlyForDeploymentPostprocessing = 0;
		};
/* End PBXSourcesBuildPhase section */

/* Begin XCBuildConfiguration section */
		911BCE6F29AE9F930008282E /* Debug */ = {
			isa = XCBuildConfiguration;
			buildSettings = {
				ALWAYS_SEARCH_USER_PATHS = NO;
				CLANG_ANALYZER_NONNULL = YES;
				CLANG_ANALYZER_NUMBER_OBJECT_CONVERSION = YES_AGGRESSIVE;
				CLANG_CXX_LANGUAGE_STANDARD = "gnu++20";
				CLANG_ENABLE_MODULES = YES;
				CLANG_ENABLE_OBJC_ARC = YES;
				CLANG_ENABLE_OBJC_WEAK = YES;
				CLANG_WARN_BLOCK_CAPTURE_AUTORELEASING = YES;
				CLANG_WARN_BOOL_CONVERSION = YES;
				CLANG_WARN_COMMA = YES;
				CLANG_WARN_CONSTANT_CONVERSION = YES;
				CLANG_WARN_DEPRECATED_OBJC_IMPLEMENTATIONS = YES;
				CLANG_WARN_DIRECT_OBJC_ISA_USAGE = YES_ERROR;
				CLANG_WARN_DOCUMENTATION_COMMENTS = YES;
				CLANG_WARN_EMPTY_BODY = YES;
				CLANG_WARN_ENUM_CONVERSION = YES;
				CLANG_WARN_INFINITE_RECURSION = YES;
				CLANG_WARN_INT_CONVERSION = YES;
				CLANG_WARN_NON_LITERAL_NULL_CONVERSION = YES;
				CLANG_WARN_OBJC_IMPLICIT_RETAIN_SELF = YES;
				CLANG_WARN_OBJC_LITERAL_CONVERSION = YES;
				CLANG_WARN_OBJC_ROOT_CLASS = YES_ERROR;
				CLANG_WARN_QUOTED_INCLUDE_IN_FRAMEWORK_HEADER = YES;
				CLANG_WARN_RANGE_LOOP_ANALYSIS = YES;
				CLANG_WARN_STRICT_PROTOTYPES = YES;
				CLANG_WARN_SUSPICIOUS_MOVE = YES;
				CLANG_WARN_UNGUARDED_AVAILABILITY = YES_AGGRESSIVE;
				CLANG_WARN_UNREACHABLE_CODE = YES;
				CLANG_WARN__DUPLICATE_METHOD_MATCH = YES;
				COPY_PHASE_STRIP = NO;
				DEBUG_INFORMATION_FORMAT = dwarf;
				ENABLE_STRICT_OBJC_MSGSEND = YES;
				ENABLE_TESTABILITY = YES;
				GCC_C_LANGUAGE_STANDARD = gnu11;
				GCC_DYNAMIC_NO_PIC = NO;
				GCC_NO_COMMON_BLOCKS = YES;
				GCC_OPTIMIZATION_LEVEL = 0;
				GCC_PREPROCESSOR_DEFINITIONS = (
					"DEBUG=1",
					"$(inherited)",
				);
				GCC_WARN_64_TO_32_BIT_CONVERSION = YES;
				GCC_WARN_ABOUT_RETURN_TYPE = YES_ERROR;
				GCC_WARN_UNDECLARED_SELECTOR = YES;
				GCC_WARN_UNINITIALIZED_AUTOS = YES_AGGRESSIVE;
				GCC_WARN_UNUSED_FUNCTION = YES;
				GCC_WARN_UNUSED_VARIABLE = YES;
				IPHONEOS_DEPLOYMENT_TARGET = 16.2;
				MTL_ENABLE_DEBUG_INFO = INCLUDE_SOURCE;
				MTL_FAST_MATH = YES;
				ONLY_ACTIVE_ARCH = YES;
				SDKROOT = iphoneos;
				SWIFT_ACTIVE_COMPILATION_CONDITIONS = DEBUG;
				SWIFT_OPTIMIZATION_LEVEL = "-Onone";
			};
			name = Debug;
		};
		911BCE7029AE9F930008282E /* Release */ = {
			isa = XCBuildConfiguration;
			buildSettings = {
				ALWAYS_SEARCH_USER_PATHS = NO;
				CLANG_ANALYZER_NONNULL = YES;
				CLANG_ANALYZER_NUMBER_OBJECT_CONVERSION = YES_AGGRESSIVE;
				CLANG_CXX_LANGUAGE_STANDARD = "gnu++20";
				CLANG_ENABLE_MODULES = YES;
				CLANG_ENABLE_OBJC_ARC = YES;
				CLANG_ENABLE_OBJC_WEAK = YES;
				CLANG_WARN_BLOCK_CAPTURE_AUTORELEASING = YES;
				CLANG_WARN_BOOL_CONVERSION = YES;
				CLANG_WARN_COMMA = YES;
				CLANG_WARN_CONSTANT_CONVERSION = YES;
				CLANG_WARN_DEPRECATED_OBJC_IMPLEMENTATIONS = YES;
				CLANG_WARN_DIRECT_OBJC_ISA_USAGE = YES_ERROR;
				CLANG_WARN_DOCUMENTATION_COMMENTS = YES;
				CLANG_WARN_EMPTY_BODY = YES;
				CLANG_WARN_ENUM_CONVERSION = YES;
				CLANG_WARN_INFINITE_RECURSION = YES;
				CLANG_WARN_INT_CONVERSION = YES;
				CLANG_WARN_NON_LITERAL_NULL_CONVERSION = YES;
				CLANG_WARN_OBJC_IMPLICIT_RETAIN_SELF = YES;
				CLANG_WARN_OBJC_LITERAL_CONVERSION = YES;
				CLANG_WARN_OBJC_ROOT_CLASS = YES_ERROR;
				CLANG_WARN_QUOTED_INCLUDE_IN_FRAMEWORK_HEADER = YES;
				CLANG_WARN_RANGE_LOOP_ANALYSIS = YES;
				CLANG_WARN_STRICT_PROTOTYPES = YES;
				CLANG_WARN_SUSPICIOUS_MOVE = YES;
				CLANG_WARN_UNGUARDED_AVAILABILITY = YES_AGGRESSIVE;
				CLANG_WARN_UNREACHABLE_CODE = YES;
				CLANG_WARN__DUPLICATE_METHOD_MATCH = YES;
				COPY_PHASE_STRIP = NO;
				DEBUG_INFORMATION_FORMAT = "dwarf-with-dsym";
				ENABLE_NS_ASSERTIONS = NO;
				ENABLE_STRICT_OBJC_MSGSEND = YES;
				GCC_C_LANGUAGE_STANDARD = gnu11;
				GCC_NO_COMMON_BLOCKS = YES;
				GCC_WARN_64_TO_32_BIT_CONVERSION = YES;
				GCC_WARN_ABOUT_RETURN_TYPE = YES_ERROR;
				GCC_WARN_UNDECLARED_SELECTOR = YES;
				GCC_WARN_UNINITIALIZED_AUTOS = YES_AGGRESSIVE;
				GCC_WARN_UNUSED_FUNCTION = YES;
				GCC_WARN_UNUSED_VARIABLE = YES;
				IPHONEOS_DEPLOYMENT_TARGET = 16.2;
				MTL_ENABLE_DEBUG_INFO = NO;
				MTL_FAST_MATH = YES;
				SDKROOT = iphoneos;
				SWIFT_COMPILATION_MODE = wholemodule;
				SWIFT_OPTIMIZATION_LEVEL = "-O";
				VALIDATE_PRODUCT = YES;
			};
			name = Release;
		};
		911BCE7229AE9F930008282E /* Debug */ = {
			isa = XCBuildConfiguration;
			buildSettings = {
				ASSETCATALOG_COMPILER_APPICON_NAME = AppIcon;
				ASSETCATALOG_COMPILER_GLOBAL_ACCENT_COLOR_NAME = AccentColor;
				CODE_SIGN_STYLE = Automatic;
				CURRENT_PROJECT_VERSION = 1;
				DEVELOPMENT_ASSET_PATHS = "\"QueueMaster/Preview Content\"";
				DEVELOPMENT_TEAM = A83DTTZX83;
				ENABLE_PREVIEWS = YES;
				GENERATE_INFOPLIST_FILE = YES;
				INFOPLIST_KEY_UIApplicationSceneManifest_Generation = YES;
				INFOPLIST_KEY_UIApplicationSupportsIndirectInputEvents = YES;
				INFOPLIST_KEY_UILaunchScreen_Generation = YES;
				INFOPLIST_KEY_UISupportedInterfaceOrientations_iPad = "UIInterfaceOrientationPortrait UIInterfaceOrientationPortraitUpsideDown UIInterfaceOrientationLandscapeLeft UIInterfaceOrientationLandscapeRight";
				INFOPLIST_KEY_UISupportedInterfaceOrientations_iPhone = "UIInterfaceOrientationPortrait UIInterfaceOrientationLandscapeLeft UIInterfaceOrientationLandscapeRight";
				LD_RUNPATH_SEARCH_PATHS = (
					"$(inherited)",
					"@executable_path/Frameworks",
				);
				MARKETING_VERSION = 1.0;
				PRODUCT_BUNDLE_IDENTIFIER = com.adiamoyal.QueueMaster;
				PRODUCT_NAME = "$(TARGET_NAME)";
				SWIFT_EMIT_LOC_STRINGS = YES;
				SWIFT_VERSION = 5.0;
				TARGETED_DEVICE_FAMILY = "1,2";
			};
			name = Debug;
		};
		911BCE7329AE9F930008282E /* Release */ = {
			isa = XCBuildConfiguration;
			buildSettings = {
				ASSETCATALOG_COMPILER_APPICON_NAME = AppIcon;
				ASSETCATALOG_COMPILER_GLOBAL_ACCENT_COLOR_NAME = AccentColor;
				CODE_SIGN_STYLE = Automatic;
				CURRENT_PROJECT_VERSION = 1;
				DEVELOPMENT_ASSET_PATHS = "\"QueueMaster/Preview Content\"";
				DEVELOPMENT_TEAM = A83DTTZX83;
				ENABLE_PREVIEWS = YES;
				GENERATE_INFOPLIST_FILE = YES;
				INFOPLIST_KEY_UIApplicationSceneManifest_Generation = YES;
				INFOPLIST_KEY_UIApplicationSupportsIndirectInputEvents = YES;
				INFOPLIST_KEY_UILaunchScreen_Generation = YES;
				INFOPLIST_KEY_UISupportedInterfaceOrientations_iPad = "UIInterfaceOrientationPortrait UIInterfaceOrientationPortraitUpsideDown UIInterfaceOrientationLandscapeLeft UIInterfaceOrientationLandscapeRight";
				INFOPLIST_KEY_UISupportedInterfaceOrientations_iPhone = "UIInterfaceOrientationPortrait UIInterfaceOrientationLandscapeLeft UIInterfaceOrientationLandscapeRight";
				LD_RUNPATH_SEARCH_PATHS = (
					"$(inherited)",
					"@executable_path/Frameworks",
				);
				MARKETING_VERSION = 1.0;
				PRODUCT_BUNDLE_IDENTIFIER = com.adiamoyal.QueueMaster;
				PRODUCT_NAME = "$(TARGET_NAME)";
				SWIFT_EMIT_LOC_STRINGS = YES;
				SWIFT_VERSION = 5.0;
				TARGETED_DEVICE_FAMILY = "1,2";
			};
			name = Release;
		};
/* End XCBuildConfiguration section */

/* Begin XCConfigurationList section */
		911BCE5929AE9F900008282E /* Build configuration list for PBXProject "QueueMaster" */ = {
			isa = XCConfigurationList;
			buildConfigurations = (
				911BCE6F29AE9F930008282E /* Debug */,
				911BCE7029AE9F930008282E /* Release */,
			);
			defaultConfigurationIsVisible = 0;
			defaultConfigurationName = Release;
		};
		911BCE7129AE9F930008282E /* Build configuration list for PBXNativeTarget "QueueMaster" */ = {
			isa = XCConfigurationList;
			buildConfigurations = (
				911BCE7229AE9F930008282E /* Debug */,
				911BCE7329AE9F930008282E /* Release */,
			);
			defaultConfigurationIsVisible = 0;
			defaultConfigurationName = Release;
		};
/* End XCConfigurationList section */

/* Begin XCVersionGroup section */
		911BCE6C29AE9F930008282E /* QueueMaster.xcdatamodeld */ = {
			isa = XCVersionGroup;
			children = (
				911BCE6D29AE9F930008282E /* QueueMaster.xcdatamodel */,
			);
			currentVersion = 911BCE6D29AE9F930008282E /* QueueMaster.xcdatamodel */;
			path = QueueMaster.xcdatamodeld;
			sourceTree = "<group>";
			versionGroupType = wrapper.xcdatamodel;
		};
/* End XCVersionGroup section */
	};
	rootObject = 911BCE5629AE9F900008282E /* Project object */;
}
